<?xml version="1.0" encoding="utf-8"?>
<Project ToolsVersion="4.0" xmlns="http://schemas.microsoft.com/developer/msbuild/2003">
  <ItemGroup>
    <ClCompile Include="Application.cpp" />
    <ClCompile Include="Enemy.cpp" />
    <ClCompile Include="Fish.cpp" />
    <ClCompile Include="Globals.cpp" />
    <ClCompile Include="GREEN.cpp" />
    <ClCompile Include="GREEN2.cpp" />
    <ClCompile Include="Main.cpp" />
    <ClCompile Include="ModuleAudio.cpp" />
    <ClCompile Include="ModuleCollision.cpp" />
    <ClCompile Include="ModuleEnemies.cpp" />
    <ClCompile Include="ModuleFadeToBlack.cpp" />
    <ClCompile Include="ModuleFonts.cpp" />
    <ClCompile Include="ModuleInput.cpp" />
    <ClCompile Include="ModuleParticles.cpp" />
    <ClCompile Include="ModulePlayer.cpp" />
    <ClCompile Include="ModulePlayer2.cpp" />
    <ClCompile Include="ModulePowerUPS.cpp" />
    <ClCompile Include="ModuleRender.cpp" />
    <ClCompile Include="ModuleBackground.cpp" />
    <ClCompile Include="ModuleSceneAir.cpp" />
    <ClCompile Include="ModuleSceneWater.cpp" />
    <ClCompile Include="ModuleTextures.cpp" />
    <ClCompile Include="ModuleWelcomeScreen.cpp" />
    <ClCompile Include="ModuleWindow.cpp" />
    <ClCompile Include="OrientalGenius.cpp" />
    <ClCompile Include="WinScreen.cpp" />
    <ClCompile Include="ModuleSceneLoose.cpp" />
    <ClCompile Include="ModuleSceneTemple.cpp" />
    <ClCompile Include="red.cpp" />
    <ClCompile Include="DEMONPEGTOP.cpp" />
    <ClCompile Include="DEMONWHEEL.cpp" />
    <ClCompile Include="ModuleKatana.cpp" />
    <ClCompile Include="ModuleKatanaArrow.cpp" />
    <ClCompile Include="ModuleAyin.cpp" />
    <ClCompile Include="CharSelec.cpp" />
    <ClCompile Include="ModuleInterface.cpp" />
    <ClCompile Include="ModuleAyinArrow.cpp" />
    <ClCompile Include="ModuleAyinUltimate.cpp" />
    <ClCompile Include="SHARPENER_KNIFE.cpp" />
    <ClCompile Include="Power_Up.cpp" />
    <ClCompile Include="Ulti_Parchment.cpp" />
    <ClCompile Include="BALL.cpp" />
    <ClCompile Include="CHARIOT.cpp" />
    <ClCompile Include="PAGODA.cpp" />
    <ClCompile Include="BALL2.cpp" />
<<<<<<< HEAD
    <ClCompile Include="ModuleSceneIntro.cpp" />
=======
    <ClCompile Include="DEMON.cpp" />
>>>>>>> df2ae51acb72abed5d1b5c7fe712a2ced1c4eb4e
  </ItemGroup>
  <ItemGroup>
    <ClInclude Include="Animation.h" />
    <ClInclude Include="Application.h" />
    <ClInclude Include="Enemy.h" />
    <ClInclude Include="Fish.h" />
    <ClInclude Include="Globals.h" />
    <ClInclude Include="GREEN.h" />
    <ClInclude Include="GREEN2.h" />
    <ClInclude Include="MemLeaks.h" />
    <ClInclude Include="Module.h" />
    <ClInclude Include="ModuleAudio.h" />
    <ClInclude Include="ModuleCollision.h" />
    <ClInclude Include="ModuleEnemies.h" />
    <ClInclude Include="ModuleFadeToBlack.h" />
    <ClInclude Include="ModuleFonts.h" />
    <ClInclude Include="ModuleInput.h" />
    <ClInclude Include="ModuleParticles.h" />
    <ClInclude Include="ModulePlayer.h" />
    <ClInclude Include="ModulePlayer2.h" />
    <ClInclude Include="ModulePowerUPS.h" />
    <ClInclude Include="ModuleRender.h" />
    <ClInclude Include="ModuleBackground.h" />
    <ClInclude Include="ModuleSceneAir.h" />
    <ClInclude Include="ModuleSceneWater.h" />
    <ClInclude Include="ModuleTextures.h" />
    <ClInclude Include="ModuleUI.h" />
    <ClInclude Include="ModuleWelcomeScreen.h" />
    <ClInclude Include="ModuleWindow.h" />
    <ClInclude Include="OrientalGenius.h" />
    <ClInclude Include="p2Point.h" />
    <ClInclude Include="Path.h" />
    <ClInclude Include="WinScreen.h" />
    <ClInclude Include="ModuleSceneLoose.h" />
    <ClInclude Include="ModuleSceneTemple.h" />
    <ClInclude Include="red.h" />
    <ClInclude Include="DEMONPEGTOP.h" />
    <ClInclude Include="DEMONWHEEL.h" />
    <ClInclude Include="ModuleKatana.h" />
    <ClInclude Include="ModuleKatanaArrow.h" />
    <ClInclude Include="ModuleAyin.h" />
    <ClInclude Include="CharSelec.h" />
    <ClInclude Include="ModuleInterface.h" />
    <ClInclude Include="ModuleAyinArrow.h" />
    <ClInclude Include="ModuleAyinUltimate.h" />
    <ClInclude Include="SHARPENER_KNIFE.h" />
    <ClInclude Include="Power_Up.h" />
    <ClInclude Include="Ulti_Parchment.h" />
    <ClInclude Include="BALL.h" />
    <ClInclude Include="CHARIOT.h" />
    <ClInclude Include="PAGODA.h" />
    <ClInclude Include="BALL2.h" />
<<<<<<< HEAD
    <ClInclude Include="ModuleSceneIntro.h" />
=======
    <ClInclude Include="DEMON.h" />
>>>>>>> df2ae51acb72abed5d1b5c7fe712a2ced1c4eb4e
  </ItemGroup>
  <ItemGroup>
    <None Include="ModuleUI.cpp" />
  </ItemGroup>
</Project>