<?xml version="1.0" encoding="utf-8"?>
<Project ToolsVersion="4.0" xmlns="http://schemas.microsoft.com/developer/msbuild/2003">
  <ItemGroup>
    <ClCompile Include="Application.cpp" />
    <ClCompile Include="Enemy.cpp" />
    <ClCompile Include="Fish.cpp" />
    <ClCompile Include="Globals.cpp" />
    <ClCompile Include="GREEN.cpp" />
    <ClCompile Include="Main.cpp" />
    <ClCompile Include="ModuleAudio.cpp" />
    <ClCompile Include="ModuleCollision.cpp" />
    <ClCompile Include="ModuleEnemies.cpp" />
    <ClCompile Include="ModuleFadeToBlack.cpp" />
    <ClCompile Include="ModuleInput.cpp" />
    <ClCompile Include="ModuleParticles.cpp" />
    <ClCompile Include="ModulePlayer.cpp" />
    <ClCompile Include="ModulePowerUPS.cpp" />
    <ClCompile Include="ModuleRender.cpp" />
    <ClCompile Include="ModuleBackground.cpp" />
    <ClCompile Include="ModuleSceneAir.cpp" />
    <ClCompile Include="ModuleSceneWater.cpp" />
    <ClCompile Include="ModuleTextures.cpp" />
    <ClCompile Include="ModuleWelcomeScreen.cpp" />
    <ClCompile Include="ModuleWindow.cpp" />
    <ClCompile Include="OrientalGenius.cpp" />
  </ItemGroup>
  <ItemGroup>
    <ClInclude Include="Animation.h" />
    <ClInclude Include="Application.h" />
    <ClInclude Include="Enemy.h" />
    <ClInclude Include="Fish.h" />
    <ClInclude Include="Globals.h" />
    <ClInclude Include="GREEN.h" />
    <ClInclude Include="MemLeaks.h" />
    <ClInclude Include="Module.h" />
    <ClInclude Include="ModuleAudio.h" />
    <ClInclude Include="ModuleCollision.h" />
    <ClInclude Include="ModuleEnemies.h" />
    <ClInclude Include="ModuleFadeToBlack.h" />
    <ClInclude Include="ModuleInput.h" />
    <ClInclude Include="ModuleParticles.h" />
    <ClInclude Include="ModulePlayer.h" />
    <ClInclude Include="ModulePowerUPS.h" />
    <ClInclude Include="ModuleRender.h" />
    <ClInclude Include="ModuleBackground.h" />
    <ClInclude Include="ModuleSceneAir.h" />
    <ClInclude Include="ModuleSceneWater.h" />
    <ClInclude Include="ModuleTextures.h" />
    <ClInclude Include="ModuleWelcomeScreen.h" />
    <ClInclude Include="ModuleWindow.h" />
    <ClInclude Include="OrientalGenius.h" />
    <ClInclude Include="p2Point.h" />
    <ClInclude Include="Path.h" />
  </ItemGroup>
</Project>